
Microsoft Visual Studio Solution File, Format Version 12.00
# Visual Studio Version 16
VisualStudioVersion = 16.0.34601.136
MinimumVisualStudioVersion = 10.0.40219.1
Project("{FAE04EC0-301F-11D3-BF4B-00C04F79EFBC}") = "WindowsFormsApp1", "WindowsFormsApp1\WindowsFormsApp1.csproj", "{45F23646-5056-45D3-A584-E6D6C126CC5A}"
EndProject
Global
	GlobalSection(SolutionConfigurationPlatforms) = preSolution
		Debug|Any CPU = Debug|Any CPU
		Release|Any CPU = Release|Any CPU
	EndGlobalSection
	GlobalSection(ProjectConfigurationPlatforms) = postSolution
		{45F23646-5056-45D3-A584-E6D6C126CC5A}.Debug|Any CPU.ActiveCfg = Debug|Any CPU
		{45F23646-5056-45D3-A584-E6D6C126CC5A}.Debug|Any CPU.Build.0 = Debug|Any CPU
		{45F23646-5056-45D3-A584-E6D6C126CC5A}.Release|Any CPU.ActiveCfg = Release|Any CPU
		{45F23646-5056-45D3-A584-E6D6C126CC5A}.Release|Any CPU.Build.0 = Release|Any CPU
	EndGlobalSection
	GlobalSection(SolutionProperties) = preSolution
		HideSolutionNode = FALSE
	EndGlobalSection
	GlobalSection(ExtensibilityGlobals) = postSolution
		SolutionGuid = {58C52DD4-E527-4E3D-9BE6-CCA12E11FC1A}
	EndGlobalSection
EndGlobal
